[[package]]
name = "argparse"
version = "1.4.0"
description = "Python command-line parsing library"
category = "main"
optional = false
python-versions = "*"

[[package]]
name = "cachetools"
version = "5.0.0"
description = "Extensible memoizing collections and decorators"
category = "main"
optional = false
python-versions = "~=3.7"

[[package]]
name = "certifi"
version = "2021.10.8"
description = "Python package for providing Mozilla's CA Bundle."
category = "main"
optional = false
python-versions = "*"

[[package]]
name = "charset-normalizer"
version = "2.0.12"
description = "The Real First Universal Charset Detector. Open, modern and actively maintained alternative to Chardet."
category = "main"
optional = false
python-versions = ">=3.5.0"

[package.extras]
unicode_backport = ["unicodedata2"]

[[package]]
name = "configparser"
version = "5.2.0"
description = "Updated configparser from Python 3.8 for Python 2.6+."
category = "main"
optional = false
python-versions = ">=3.6"

[package.extras]
docs = ["jaraco.packaging (>=8.2)", "jaraco.tidelift (>=1.4)", "rst.linker (>=1.9)", "sphinx"]
testing = ["pytest (>=6)", "pytest-black (>=0.3.7)", "pytest-checkdocs (>=2.4)", "pytest-cov", "pytest-enabler (>=1.0.1)", "pytest-flake8", "pytest-mypy", "types-backports"]

[[package]]
name = "google-api-core"
version = "2.7.1"
description = "Google API client core library"
category = "main"
optional = false
python-versions = ">=3.6"

[package.dependencies]
google-auth = ">=1.25.0,<3.0dev"
googleapis-common-protos = ">=1.52.0,<2.0dev"
grpcio = {version = ">=1.33.2,<2.0dev", optional = true, markers = "extra == \"grpc\""}
grpcio-status = {version = ">=1.33.2,<2.0dev", optional = true, markers = "extra == \"grpc\""}
protobuf = ">=3.12.0"
requests = ">=2.18.0,<3.0.0dev"

[package.extras]
grpc = ["grpcio (>=1.33.2,<2.0dev)", "grpcio-status (>=1.33.2,<2.0dev)"]
grpcgcp = ["grpcio-gcp (>=0.2.2)"]
grpcio-gcp = ["grpcio-gcp (>=0.2.2)"]

[[package]]
name = "google-api-python-client"
version = "2.42.0"
description = "Google API Client Library for Python"
category = "main"
optional = false
python-versions = ">=3.6"

[package.dependencies]
google-api-core = ">=1.31.5,<2.0.0 || >2.3.0,<3.0.0dev"
google-auth = ">=1.16.0,<3.0.0dev"
google-auth-httplib2 = ">=0.1.0"
httplib2 = ">=0.15.0,<1dev"
uritemplate = ">=3.0.1,<5"

[[package]]
name = "google-auth"
version = "2.6.2"
description = "Google Authentication Library"
category = "main"
optional = false
python-versions = ">=2.7,!=3.0.*,!=3.1.*,!=3.2.*,!=3.3.*,!=3.4.*,!=3.5.*"

[package.dependencies]
cachetools = ">=2.0.0,<6.0"
pyasn1-modules = ">=0.2.1"
rsa = {version = ">=3.1.4,<5", markers = "python_version >= \"3.6\""}
six = ">=1.9.0"

[package.extras]
aiohttp = ["aiohttp (>=3.6.2,<4.0.0dev)", "requests (>=2.20.0,<3.0.0dev)"]
pyopenssl = ["pyopenssl (>=20.0.0)"]
reauth = ["pyu2f (>=0.1.5)"]

[[package]]
name = "google-auth-httplib2"
version = "0.1.0"
description = "Google Authentication Library: httplib2 transport"
category = "main"
optional = false
python-versions = "*"

[package.dependencies]
google-auth = "*"
httplib2 = ">=0.15.0"
six = "*"

[[package]]
name = "google-auth-oauthlib"
version = "0.4.6"
description = "Google Authentication Library"
category = "main"
optional = false
python-versions = ">=3.6"

[package.dependencies]
google-auth = ">=1.0.0"
requests-oauthlib = ">=0.7.0"

[package.extras]
tool = ["click (>=6.0.0)"]

[[package]]
name = "google-cloud-vision"
version = "2.7.2"
description = "Cloud Vision API API client library"
category = "main"
optional = false
python-versions = ">=3.6"

[package.dependencies]
google-api-core = {version = ">=1.31.5,<2.0.0 || >2.3.0,<3.0.0dev", extras = ["grpc"]}
proto-plus = ">=1.15.0"

[package.extras]
libcst = ["libcst (>=0.2.5)"]

[[package]]
name = "googleapis-common-protos"
version = "1.56.0"
description = "Common protobufs used in Google APIs"
category = "main"
optional = false
python-versions = ">=3.6"

[package.dependencies]
protobuf = ">=3.12.0"

[package.extras]
grpc = ["grpcio (>=1.0.0)"]

[[package]]
name = "grpcio"
version = "1.45.0"
description = "HTTP/2-based RPC framework"
category = "main"
optional = false
python-versions = ">=3.6"

[package.dependencies]
six = ">=1.5.2"

[package.extras]
protobuf = ["grpcio-tools (>=1.45.0)"]

[[package]]
name = "grpcio-status"
version = "1.45.0"
description = "Status proto mapping for gRPC"
category = "main"
optional = false
python-versions = ">=3.6"

[package.dependencies]
googleapis-common-protos = ">=1.5.5"
grpcio = ">=1.45.0"
protobuf = ">=3.12.0"

[[package]]
name = "httplib2"
version = "0.20.4"
description = "A comprehensive HTTP client library."
category = "main"
optional = false
python-versions = ">=2.7, !=3.0.*, !=3.1.*, !=3.2.*, !=3.3.*"

[package.dependencies]
pyparsing = {version = ">=2.4.2,<3.0.0 || >3.0.0,<3.0.1 || >3.0.1,<3.0.2 || >3.0.2,<3.0.3 || >3.0.3,<4", markers = "python_version > \"3.0\""}

[[package]]
name = "idna"
version = "3.3"
description = "Internationalized Domain Names in Applications (IDNA)"
category = "main"
optional = false
python-versions = ">=3.5"

[[package]]
name = "numpy"
version = "1.22.3"
description = "NumPy is the fundamental package for array computing with Python."
category = "main"
optional = false
python-versions = ">=3.8"

[[package]]
name = "oauthlib"
version = "3.2.1"
description = "A generic, spec-compliant, thorough implementation of the OAuth request-signing logic"
category = "main"
optional = false
python-versions = ">=3.6"

[package.extras]
rsa = ["cryptography (>=3.0.0)"]
signals = ["blinker (>=1.4.0)"]
signedtoken = ["cryptography (>=3.0.0)", "pyjwt (>=2.0.0,<3)"]

[[package]]
name = "pdf2image"
version = "1.16.0"
description = "A wrapper around the pdftoppm and pdftocairo command line tools to convert PDF to a PIL Image list."
category = "main"
optional = false
python-versions = "*"

[package.dependencies]
pillow = "*"

[[package]]
name = "pillow"
version = "9.1.1"
description = "Python Imaging Library (Fork)"
category = "main"
optional = false
python-versions = ">=3.7"

[package.extras]
docs = ["olefile", "sphinx (>=2.4)", "sphinx-copybutton", "sphinx-issues (>=3.0.1)", "sphinx-removed-in", "sphinx-rtd-theme (>=1.0)", "sphinxext-opengraph"]
tests = ["check-manifest", "coverage", "defusedxml", "markdown2", "olefile", "packaging", "pyroma", "pytest", "pytest-cov", "pytest-timeout"]

[[package]]
name = "proto-plus"
version = "1.20.3"
description = "Beautiful, Pythonic protocol buffers."
category = "main"
optional = false
python-versions = ">=3.6"

[package.dependencies]
protobuf = ">=3.19.0"

[package.extras]
testing = ["google-api-core[grpc] (>=1.22.2)"]

[[package]]
name = "protobuf"
version = "3.20.2"
description = "Protocol Buffers"
category = "main"
optional = false
python-versions = ">=3.7"

[[package]]
name = "pyasn1"
version = "0.4.8"
description = "ASN.1 types and codecs"
category = "main"
optional = false
python-versions = "*"

[[package]]
name = "pyasn1-modules"
version = "0.2.8"
description = "A collection of ASN.1-based protocols modules."
category = "main"
optional = false
python-versions = "*"

[package.dependencies]
pyasn1 = ">=0.4.6,<0.5.0"

[[package]]
name = "pyparsing"
version = "3.0.7"
description = "Python parsing module"
category = "main"
optional = false
python-versions = ">=3.6"

[package.extras]
diagrams = ["jinja2", "railroad-diagrams"]

[[package]]
name = "requests"
version = "2.27.1"
description = "Python HTTP for Humans."
category = "main"
optional = false
python-versions = ">=2.7, !=3.0.*, !=3.1.*, !=3.2.*, !=3.3.*, !=3.4.*, !=3.5.*"

[package.dependencies]
certifi = ">=2017.4.17"
charset-normalizer = {version = ">=2.0.0,<2.1.0", markers = "python_version >= \"3\""}
idna = {version = ">=2.5,<4", markers = "python_version >= \"3\""}
urllib3 = ">=1.21.1,<1.27"

[package.extras]
socks = ["PySocks (>=1.5.6,!=1.5.7)", "win-inet-pton"]
use_chardet_on_py3 = ["chardet (>=3.0.2,<5)"]

[[package]]
name = "requests-oauthlib"
version = "1.3.1"
description = "OAuthlib authentication support for Requests."
category = "main"
optional = false
python-versions = ">=2.7, !=3.0.*, !=3.1.*, !=3.2.*, !=3.3.*"

[package.dependencies]
oauthlib = ">=3.0.0"
requests = ">=2.0.0"

[package.extras]
rsa = ["oauthlib[signedtoken] (>=3.0.0)"]

[[package]]
name = "rsa"
version = "4.8"
description = "Pure-Python RSA implementation"
category = "main"
optional = false
python-versions = ">=3.6,<4"

[package.dependencies]
pyasn1 = ">=0.1.3"

[[package]]
name = "six"
version = "1.16.0"
description = "Python 2 and 3 compatibility utilities"
category = "main"
optional = false
python-versions = ">=2.7, !=3.0.*, !=3.1.*, !=3.2.*"

[[package]]
name = "uritemplate"
version = "4.1.1"
description = "Implementation of RFC 6570 URI Templates"
category = "main"
optional = false
python-versions = ">=3.6"

[[package]]
name = "urllib3"
version = "1.26.9"
description = "HTTP library with thread-safe connection pooling, file post, and more."
category = "main"
optional = false
python-versions = ">=2.7, !=3.0.*, !=3.1.*, !=3.2.*, !=3.3.*, !=3.4.*, <4"

[package.extras]
brotli = ["brotli (>=1.0.9)", "brotlicffi (>=0.8.0)", "brotlipy (>=0.6.0)"]
secure = ["certifi", "cryptography (>=1.3.4)", "idna (>=2.0.0)", "ipaddress", "pyOpenSSL (>=0.14)"]
socks = ["PySocks (>=1.5.6,!=1.5.7,<2.0)"]

[metadata]
lock-version = "1.1"
python-versions = "^3.8"
content-hash = "e86e0dd0f8d65278b28846ad9370c4837249a671326b32da324c89fd609ce884"

[metadata.files]
argparse = [
    {file = "argparse-1.4.0-py2.py3-none-any.whl", hash = "sha256:c31647edb69fd3d465a847ea3157d37bed1f95f19760b11a47aa91c04b666314"},
    {file = "argparse-1.4.0.tar.gz", hash = "sha256:62b089a55be1d8949cd2bc7e0df0bddb9e028faefc8c32038cc84862aefdd6e4"},
]
cachetools = [
    {file = "cachetools-5.0.0-py3-none-any.whl", hash = "sha256:8fecd4203a38af17928be7b90689d8083603073622229ca7077b72d8e5a976e4"},
    {file = "cachetools-5.0.0.tar.gz", hash = "sha256:486471dfa8799eb7ec503a8059e263db000cdda20075ce5e48903087f79d5fd6"},
]
certifi = [
    {file = "certifi-2021.10.8-py2.py3-none-any.whl", hash = "sha256:d62a0163eb4c2344ac042ab2bdf75399a71a2d8c7d47eac2e2ee91b9d6339569"},
    {file = "certifi-2021.10.8.tar.gz", hash = "sha256:78884e7c1d4b00ce3cea67b44566851c4343c120abd683433ce934a68ea58872"},
]
charset-normalizer = [
    {file = "charset-normalizer-2.0.12.tar.gz", hash = "sha256:2857e29ff0d34db842cd7ca3230549d1a697f96ee6d3fb071cfa6c7393832597"},
    {file = "charset_normalizer-2.0.12-py3-none-any.whl", hash = "sha256:6881edbebdb17b39b4eaaa821b438bf6eddffb4468cf344f09f89def34a8b1df"},
]
configparser = [
    {file = "configparser-5.2.0-py3-none-any.whl", hash = "sha256:e8b39238fb6f0153a069aa253d349467c3c4737934f253ef6abac5fe0eca1e5d"},
    {file = "configparser-5.2.0.tar.gz", hash = "sha256:1b35798fdf1713f1c3139016cfcbc461f09edbf099d1fb658d4b7479fcaa3daa"},
]
google-api-core = [
    {file = "google-api-core-2.7.1.tar.gz", hash = "sha256:b0fa577e512f0c8e063386b974718b8614586a798c5894ed34bedf256d9dae24"},
    {file = "google_api_core-2.7.1-py3-none-any.whl", hash = "sha256:6be1fc59e2a7ba9f66808bbc22f976f81e4c3e7ab20fa0620ce42686288787d0"},
]
google-api-python-client = [
    {file = "google-api-python-client-2.42.0.tar.gz", hash = "sha256:7bf58b665b635d06adb47797a9a4f73482e739e02ed036cd960dc7c183361f67"},
    {file = "google_api_python_client-2.42.0-py2.py3-none-any.whl", hash = "sha256:303f5e7005b26e5ca4d2f04489545cdc482ca558e8932e528217e11127c17cd8"},
]
google-auth = [
    {file = "google-auth-2.6.2.tar.gz", hash = "sha256:60d449f8142c742db760f4c0be39121bc8d9be855555d784c252deaca1ced3f5"},
    {file = "google_auth-2.6.2-py2.py3-none-any.whl", hash = "sha256:3ba4d63cb29c1e6d5ffcc1c0623c03cf02ede6240a072f213084749574e691ab"},
]
google-auth-httplib2 = [
    {file = "google-auth-httplib2-0.1.0.tar.gz", hash = "sha256:a07c39fd632becacd3f07718dfd6021bf396978f03ad3ce4321d060015cc30ac"},
    {file = "google_auth_httplib2-0.1.0-py2.py3-none-any.whl", hash = "sha256:31e49c36c6b5643b57e82617cb3e021e3e1d2df9da63af67252c02fa9c1f4a10"},
]
google-auth-oauthlib = [
    {file = "google-auth-oauthlib-0.4.6.tar.gz", hash = "sha256:a90a072f6993f2c327067bf65270046384cda5a8ecb20b94ea9a687f1f233a7a"},
    {file = "google_auth_oauthlib-0.4.6-py2.py3-none-any.whl", hash = "sha256:3f2a6e802eebbb6fb736a370fbf3b055edcb6b52878bf2f26330b5e041316c73"},
]
google-cloud-vision = [
    {file = "google-cloud-vision-2.7.2.tar.gz", hash = "sha256:e0d4d6c9fdeb9ddc35cc720d94132da0499d7d25c69d4fe3121c5a6fcd3b560e"},
    {file = "google_cloud_vision-2.7.2-py2.py3-none-any.whl", hash = "sha256:1a26fbe86ef268ac77cd736d60f8163a9a5278c9b8f205a74c96031ecf74075b"},
]
googleapis-common-protos = [
    {file = "googleapis-common-protos-1.56.0.tar.gz", hash = "sha256:4007500795bcfc269d279f0f7d253ae18d6dc1ff5d5a73613ffe452038b1ec5f"},
    {file = "googleapis_common_protos-1.56.0-py2.py3-none-any.whl", hash = "sha256:60220c89b8bd5272159bed4929ecdc1243ae1f73437883a499a44a1cbc084086"},
]
grpcio = [
    {file = "grpcio-1.45.0-cp310-cp310-linux_armv7l.whl", hash = "sha256:0d74a159df9401747e57960f0772f4371486e3281919004efa9df8a82985abee"},
    {file = "grpcio-1.45.0-cp310-cp310-macosx_10_10_universal2.whl", hash = "sha256:4e6d15bfdfa28e5f6d524dd3b29c7dc129cfc578505b067aa97574490c5b70fe"},
    {file = "grpcio-1.45.0-cp310-cp310-manylinux_2_17_aarch64.whl", hash = "sha256:44615be86e5540a18f5e4ca5a0f428d4b1efb800d255cfd9f902a11daca8fd74"},
    {file = "grpcio-1.45.0-cp310-cp310-manylinux_2_17_i686.manylinux2014_i686.whl", hash = "sha256:8b452f715e2cae9e75cb309f59a37f82e5b25f51f0bfc3cd1462de86265cef05"},
    {file = "grpcio-1.45.0-cp310-cp310-manylinux_2_17_x86_64.manylinux2014_x86_64.whl", hash = "sha256:db1c45daa35c64f17498af1ba6eb1d0a8d88a8a0b6b322f960ab461e7ef0419e"},
    {file = "grpcio-1.45.0-cp310-cp310-musllinux_1_1_i686.whl", hash = "sha256:678a673fe811dad3ed5bd2e2352b79851236e4d718aeaeffc10f372a55954d8d"},
    {file = "grpcio-1.45.0-cp310-cp310-musllinux_1_1_x86_64.whl", hash = "sha256:a5c8a08aff0af770c977dcede62fbed53ae7b99adbc184d5299d148bb04652f1"},
    {file = "grpcio-1.45.0-cp310-cp310-win32.whl", hash = "sha256:1d764c8a190719301ec6f3b6ddeb48a234604e337d0fbb3184a4ddcda2aca9da"},
    {file = "grpcio-1.45.0-cp310-cp310-win_amd64.whl", hash = "sha256:797f5b750be6ff2905b9d0529a00c1f873d8035a5d01a9801910ace5f0d52a18"},
    {file = "grpcio-1.45.0-cp36-cp36m-linux_armv7l.whl", hash = "sha256:b46772b7eb58c6cb0b468b56d59618694d2c2f2cee2e5b4e83ae9729a46b8af0"},
    {file = "grpcio-1.45.0-cp36-cp36m-macosx_10_10_x86_64.whl", hash = "sha256:2f135e5c8e9acd14f3090fd86dccb9d7c26aea7bfbd4528e8a86ff621d39e610"},
    {file = "grpcio-1.45.0-cp36-cp36m-manylinux_2_12_i686.manylinux2010_i686.whl", hash = "sha256:16603b9544a4af135ce4d594a7396602fbe62d1ccaa484b05cb1814c17a3e559"},
    {file = "grpcio-1.45.0-cp36-cp36m-manylinux_2_12_x86_64.manylinux2010_x86_64.whl", hash = "sha256:ccba925045c00acc9ce2cc645b6fa9d19767dbb16c9c49921013da412b1d3415"},
    {file = "grpcio-1.45.0-cp36-cp36m-manylinux_2_17_aarch64.whl", hash = "sha256:7262b9d96db79e29049c7eb2b75b03f2b9485fd838209b5ff8e3cca73b2a706c"},
    {file = "grpcio-1.45.0-cp36-cp36m-manylinux_2_17_i686.manylinux2014_i686.whl", hash = "sha256:a1c1098f35c33b985c312cacea39e2aa66f7ac1462579eed1d3aed2e51fff00d"},
    {file = "grpcio-1.45.0-cp36-cp36m-manylinux_2_17_x86_64.manylinux2014_x86_64.whl", hash = "sha256:0b18c86a9cfbedd0c4e083690fecc82027b3f938100ed0af8db77d52a171eb1e"},
    {file = "grpcio-1.45.0-cp36-cp36m-musllinux_1_1_i686.whl", hash = "sha256:638364d3603df9e4a1dbc2151b5fe1b491ceecda4e1672be86724e1dfa79c44d"},
    {file = "grpcio-1.45.0-cp36-cp36m-musllinux_1_1_x86_64.whl", hash = "sha256:8de79eac582431cb6d05ff5652e68089c40aa0e604ec1630fa52ac926bc44f1b"},
    {file = "grpcio-1.45.0-cp36-cp36m-win32.whl", hash = "sha256:6cf5f1827c182ef9b503d7d01e503c1067f4499d45af792d95ccd1d8b0bea30d"},
    {file = "grpcio-1.45.0-cp36-cp36m-win_amd64.whl", hash = "sha256:4f1a22744f93b38d393b7a83cb607029ac5e2de680cab39957ffdd116590a178"},
    {file = "grpcio-1.45.0-cp37-cp37m-linux_armv7l.whl", hash = "sha256:321f84dbc788481f7a3cd12636a133ba5f4d17e57f1c906de5a22fd709c971b5"},
    {file = "grpcio-1.45.0-cp37-cp37m-macosx_10_10_x86_64.whl", hash = "sha256:a33ed7d3e52ddc839e2f020592a4371d805c2ae820fb63b12525058e1810fe46"},
    {file = "grpcio-1.45.0-cp37-cp37m-manylinux_2_12_i686.manylinux2010_i686.whl", hash = "sha256:f9f28d8c5343602e1510d4839e38568bcd0ca6353bd98ad9941787584a371a1d"},
    {file = "grpcio-1.45.0-cp37-cp37m-manylinux_2_12_x86_64.manylinux2010_x86_64.whl", hash = "sha256:3a40dbb8aac60cf6a86583e2ba74fc2c286f1abc7a3404b25dcd12a49b9f7d8b"},
    {file = "grpcio-1.45.0-cp37-cp37m-manylinux_2_17_aarch64.whl", hash = "sha256:b00ce58323dde47d2ea240d10ee745471b9966429c97d9e6567c8d56e02b0372"},
    {file = "grpcio-1.45.0-cp37-cp37m-manylinux_2_17_i686.manylinux2014_i686.whl", hash = "sha256:bd4944f35f1e5ab54804c3e37d24921ecc01908ef871cdce6bd52995ea4f985c"},
    {file = "grpcio-1.45.0-cp37-cp37m-manylinux_2_17_x86_64.manylinux2014_x86_64.whl", hash = "sha256:cc135b77f384a84bac67a37947886986be136356446338d64160a30c85f20c6d"},
    {file = "grpcio-1.45.0-cp37-cp37m-musllinux_1_1_i686.whl", hash = "sha256:35ae55460514ed404ceaa95533b9a79989691b562faf012fc8fb143d8fd16e47"},
    {file = "grpcio-1.45.0-cp37-cp37m-musllinux_1_1_x86_64.whl", hash = "sha256:779db3d00c8da1d3efa942387cb0fea9ac6d50124d656024f82f9faefdd016e3"},
    {file = "grpcio-1.45.0-cp37-cp37m-win32.whl", hash = "sha256:aea67bd3cbf93db552c725bc0b4db0acdc6a284d036d1cc32d638305e0f01fd9"},
    {file = "grpcio-1.45.0-cp37-cp37m-win_amd64.whl", hash = "sha256:7fe3ac700cc5ecba9dc9072c0e6cfd2f964ea9f273ce1111eaa27d13aa20ec32"},
    {file = "grpcio-1.45.0-cp38-cp38-linux_armv7l.whl", hash = "sha256:259c126821fefcda298c020a0d83c4a4edac3cf10b1af12a62d250f8192ea1d1"},
    {file = "grpcio-1.45.0-cp38-cp38-macosx_10_10_x86_64.whl", hash = "sha256:5d05cd1b2b0975bb000ba97ca465565158dc211616c9bbbef5d1b77871974687"},
    {file = "grpcio-1.45.0-cp38-cp38-manylinux_2_12_i686.manylinux2010_i686.whl", hash = "sha256:6f2e044a715507fd13c70c928cd90daf8d0295c936a81fd9065a24e58ba7cc7d"},
    {file = "grpcio-1.45.0-cp38-cp38-manylinux_2_12_x86_64.manylinux2010_x86_64.whl", hash = "sha256:4d37c526b86c46d229f6117df5dca2510de597ab73c5956bc379ca41f8a1db84"},
    {file = "grpcio-1.45.0-cp38-cp38-manylinux_2_17_aarch64.whl", hash = "sha256:6df338b8d2c328ba91a25e28786d10059dea3bc9115fa1ddad30ba5d459e714a"},
    {file = "grpcio-1.45.0-cp38-cp38-manylinux_2_17_i686.manylinux2014_i686.whl", hash = "sha256:042921a824e90bf2974dbef7d89937096181298294799fb53e5576d9958884c7"},
    {file = "grpcio-1.45.0-cp38-cp38-manylinux_2_17_x86_64.manylinux2014_x86_64.whl", hash = "sha256:fb23ed6ed84ae312df03e96c7a7cd3aa5f7e3a1ad7066fdb6cd47f1bd334196c"},
    {file = "grpcio-1.45.0-cp38-cp38-musllinux_1_1_i686.whl", hash = "sha256:79582ec821ef10162348170a6e912d93ea257c749320a162dfc3a132ef25ac1b"},
    {file = "grpcio-1.45.0-cp38-cp38-musllinux_1_1_x86_64.whl", hash = "sha256:d14d372ea5a51d5ab991aa6d499a26e5a1e3b3f3af93f41826ea610f8a276c9e"},
    {file = "grpcio-1.45.0-cp38-cp38-win32.whl", hash = "sha256:b54444cf4212935a7b98cd26a30ad3a036389e4fd2ff3e461b176af876c7e20b"},
    {file = "grpcio-1.45.0-cp38-cp38-win_amd64.whl", hash = "sha256:da395720d6e9599c754f862f3f75bc0e8ff29fa55259e082e442a9cc916ffbc3"},
    {file = "grpcio-1.45.0-cp39-cp39-linux_armv7l.whl", hash = "sha256:add03308fa2d434628aeaa445e0c75cdb9535f39128eb949b1483ae83fafade6"},
    {file = "grpcio-1.45.0-cp39-cp39-macosx_10_10_x86_64.whl", hash = "sha256:250d8f18332f3dbd4db00efa91d33d336e58362e9c80e6946d45ecf5e82d95ec"},
    {file = "grpcio-1.45.0-cp39-cp39-manylinux_2_12_i686.manylinux2010_i686.whl", hash = "sha256:dfca4dfd307b449d0a1e92bc7fbb5224ccf16db384aab412ba6766fc56bdffb6"},
    {file = "grpcio-1.45.0-cp39-cp39-manylinux_2_12_x86_64.manylinux2010_x86_64.whl", hash = "sha256:b7f2dc8831045eb0c892bb947e1cba2b1ed639e79a54abff7c4ad90bdd329f78"},
    {file = "grpcio-1.45.0-cp39-cp39-manylinux_2_17_aarch64.whl", hash = "sha256:2355493a9e71f15d9004b2ab87892cb532e9e98db6882fced2912115eb5631af"},
    {file = "grpcio-1.45.0-cp39-cp39-manylinux_2_17_i686.manylinux2014_i686.whl", hash = "sha256:2798e42d62a0296982276d0bab96fc7d6772cd148357154348355304d6216763"},
    {file = "grpcio-1.45.0-cp39-cp39-manylinux_2_17_x86_64.manylinux2014_x86_64.whl", hash = "sha256:0fe6acb1439127e0bee773f8a9a3ece290cb4cac4fe8d46b10bc8dda250a990c"},
    {file = "grpcio-1.45.0-cp39-cp39-musllinux_1_1_i686.whl", hash = "sha256:6774272a59b9ee16fb0d4f53e23716953a22bbb3efe12fdf9a4ee3eec2c4f81f"},
    {file = "grpcio-1.45.0-cp39-cp39-musllinux_1_1_x86_64.whl", hash = "sha256:52f61fcb17d92b87ba47d54b3c9deae09d4f0216a3ea277b7df4b6c1794e6556"},
    {file = "grpcio-1.45.0-cp39-cp39-win32.whl", hash = "sha256:3992c690228126e5652c7a1f61863c1ebfd71369cf2adb0fce86fee1d82d2d27"},
    {file = "grpcio-1.45.0-cp39-cp39-win_amd64.whl", hash = "sha256:220867a53e53b2e201e98c55061e3053e31c0ce613625087242be684d3e8612a"},
    {file = "grpcio-1.45.0.tar.gz", hash = "sha256:ff2c8b965b0fc25cf281961aa46619c10900543effe3f806ef818231c40aaff3"},
]
grpcio-status = [
    {file = "grpcio-status-1.45.0.tar.gz", hash = "sha256:4baad8e8ec3c44788e038c24e3d7dc70259e06ba09f40a5b8178538563ba3e5a"},
    {file = "grpcio_status-1.45.0-py3-none-any.whl", hash = "sha256:e21fa1d960f36c790fe6aa648e482442ecfb5c536fc50670b7c43320381377a9"},
]
httplib2 = [
    {file = "httplib2-0.20.4-py3-none-any.whl", hash = "sha256:8b6a905cb1c79eefd03f8669fd993c36dc341f7c558f056cb5a33b5c2f458543"},
    {file = "httplib2-0.20.4.tar.gz", hash = "sha256:58a98e45b4b1a48273073f905d2961666ecf0fbac4250ea5b47aef259eb5c585"},
]
idna = [
    {file = "idna-3.3-py3-none-any.whl", hash = "sha256:84d9dd047ffa80596e0f246e2eab0b391788b0503584e8945f2368256d2735ff"},
    {file = "idna-3.3.tar.gz", hash = "sha256:9d643ff0a55b762d5cdb124b8eaa99c66322e2157b69160bc32796e824360e6d"},
]
numpy = [
    {file = "numpy-1.22.3-cp310-cp310-macosx_10_14_x86_64.whl", hash = "sha256:92bfa69cfbdf7dfc3040978ad09a48091143cffb778ec3b03fa170c494118d75"},
    {file = "numpy-1.22.3-cp310-cp310-macosx_11_0_arm64.whl", hash = "sha256:8251ed96f38b47b4295b1ae51631de7ffa8260b5b087808ef09a39a9d66c97ab"},
    {file = "numpy-1.22.3-cp310-cp310-manylinux_2_17_aarch64.manylinux2014_aarch64.whl", hash = "sha256:48a3aecd3b997bf452a2dedb11f4e79bc5bfd21a1d4cc760e703c31d57c84b3e"},
    {file = "numpy-1.22.3-cp310-cp310-manylinux_2_17_x86_64.manylinux2014_x86_64.whl", hash = "sha256:a3bae1a2ed00e90b3ba5f7bd0a7c7999b55d609e0c54ceb2b076a25e345fa9f4"},
    {file = "numpy-1.22.3-cp310-cp310-win32.whl", hash = "sha256:f950f8845b480cffe522913d35567e29dd381b0dc7e4ce6a4a9f9156417d2430"},
    {file = "numpy-1.22.3-cp310-cp310-win_amd64.whl", hash = "sha256:08d9b008d0156c70dc392bb3ab3abb6e7a711383c3247b410b39962263576cd4"},
    {file = "numpy-1.22.3-cp38-cp38-macosx_10_14_x86_64.whl", hash = "sha256:201b4d0552831f7250a08d3b38de0d989d6f6e4658b709a02a73c524ccc6ffce"},
    {file = "numpy-1.22.3-cp38-cp38-macosx_11_0_arm64.whl", hash = "sha256:f8c1f39caad2c896bc0018f699882b345b2a63708008be29b1f355ebf6f933fe"},
    {file = "numpy-1.22.3-cp38-cp38-manylinux_2_17_aarch64.manylinux2014_aarch64.whl", hash = "sha256:568dfd16224abddafb1cbcce2ff14f522abe037268514dd7e42c6776a1c3f8e5"},
    {file = "numpy-1.22.3-cp38-cp38-manylinux_2_17_x86_64.manylinux2014_x86_64.whl", hash = "sha256:3ca688e1b9b95d80250bca34b11a05e389b1420d00e87a0d12dc45f131f704a1"},
    {file = "numpy-1.22.3-cp38-cp38-win32.whl", hash = "sha256:e7927a589df200c5e23c57970bafbd0cd322459aa7b1ff73b7c2e84d6e3eae62"},
    {file = "numpy-1.22.3-cp38-cp38-win_amd64.whl", hash = "sha256:07a8c89a04997625236c5ecb7afe35a02af3896c8aa01890a849913a2309c676"},
    {file = "numpy-1.22.3-cp39-cp39-macosx_10_14_x86_64.whl", hash = "sha256:2c10a93606e0b4b95c9b04b77dc349b398fdfbda382d2a39ba5a822f669a0123"},
    {file = "numpy-1.22.3-cp39-cp39-macosx_11_0_arm64.whl", hash = "sha256:fade0d4f4d292b6f39951b6836d7a3c7ef5b2347f3c420cd9820a1d90d794802"},
    {file = "numpy-1.22.3-cp39-cp39-manylinux_2_17_aarch64.manylinux2014_aarch64.whl", hash = "sha256:5bfb1bb598e8229c2d5d48db1860bcf4311337864ea3efdbe1171fb0c5da515d"},
    {file = "numpy-1.22.3-cp39-cp39-manylinux_2_17_x86_64.manylinux2014_x86_64.whl", hash = "sha256:97098b95aa4e418529099c26558eeb8486e66bd1e53a6b606d684d0c3616b168"},
    {file = "numpy-1.22.3-cp39-cp39-win32.whl", hash = "sha256:fdf3c08bce27132395d3c3ba1503cac12e17282358cb4bddc25cc46b0aca07aa"},
    {file = "numpy-1.22.3-cp39-cp39-win_amd64.whl", hash = "sha256:639b54cdf6aa4f82fe37ebf70401bbb74b8508fddcf4797f9fe59615b8c5813a"},
    {file = "numpy-1.22.3-pp38-pypy38_pp73-manylinux_2_17_x86_64.manylinux2014_x86_64.whl", hash = "sha256:c34ea7e9d13a70bf2ab64a2532fe149a9aced424cd05a2c4ba662fd989e3e45f"},
    {file = "numpy-1.22.3.zip", hash = "sha256:dbc7601a3b7472d559dc7b933b18b4b66f9aa7452c120e87dfb33d02008c8a18"},
]
oauthlib = [
    {file = "oauthlib-3.2.1-py3-none-any.whl", hash = "sha256:88e912ca1ad915e1dcc1c06fc9259d19de8deacd6fd17cc2df266decc2e49066"},
    {file = "oauthlib-3.2.1.tar.gz", hash = "sha256:1565237372795bf6ee3e5aba5e2a85bd5a65d0e2aa5c628b9a97b7d7a0da3721"},
]
pdf2image = [
    {file = "pdf2image-1.16.0-py3-none-any.whl", hash = "sha256:84f79f2b8fad943e36323ea4e937fcb05f26ded0caa0a01181df66049e42fb65"},
    {file = "pdf2image-1.16.0.tar.gz", hash = "sha256:d58ed94d978a70c73c2bb7fdf8acbaf2a7089c29ff8141be5f45433c0c4293bb"},
]
pillow = [
    {file = "Pillow-9.1.1-cp310-cp310-macosx_10_10_x86_64.whl", hash = "sha256:42dfefbef90eb67c10c45a73a9bc1599d4dac920f7dfcbf4ec6b80cb620757fe"},
    {file = "Pillow-9.1.1-cp310-cp310-macosx_11_0_arm64.whl", hash = "sha256:ffde4c6fabb52891d81606411cbfaf77756e3b561b566efd270b3ed3791fde4e"},
    {file = "Pillow-9.1.1-cp310-cp310-manylinux_2_17_aarch64.manylinux2014_aarch64.whl", hash = "sha256:9c857532c719fb30fafabd2371ce9b7031812ff3889d75273827633bca0c4602"},
    {file = "Pillow-9.1.1-cp310-cp310-manylinux_2_17_i686.manylinux2014_i686.whl", hash = "sha256:59789a7d06c742e9d13b883d5e3569188c16acb02eeed2510fd3bfdbc1bd1530"},
    {file = "Pillow-9.1.1-cp310-cp310-manylinux_2_17_x86_64.manylinux2014_x86_64.whl", hash = "sha256:4d45dbe4b21a9679c3e8b3f7f4f42a45a7d3ddff8a4a16109dff0e1da30a35b2"},
    {file = "Pillow-9.1.1-cp310-cp310-musllinux_1_1_x86_64.whl", hash = "sha256:e9ed59d1b6ee837f4515b9584f3d26cf0388b742a11ecdae0d9237a94505d03a"},
    {file = "Pillow-9.1.1-cp310-cp310-win32.whl", hash = "sha256:b3fe2ff1e1715d4475d7e2c3e8dabd7c025f4410f79513b4ff2de3d51ce0fa9c"},
    {file = "Pillow-9.1.1-cp310-cp310-win_amd64.whl", hash = "sha256:5b650dbbc0969a4e226d98a0b440c2f07a850896aed9266b6fedc0f7e7834108"},
    {file = "Pillow-9.1.1-cp37-cp37m-macosx_10_10_x86_64.whl", hash = "sha256:0b4d5ad2cd3a1f0d1df882d926b37dbb2ab6c823ae21d041b46910c8f8cd844b"},
    {file = "Pillow-9.1.1-cp37-cp37m-manylinux_2_17_aarch64.manylinux2014_aarch64.whl", hash = "sha256:9370d6744d379f2de5d7fa95cdbd3a4d92f0b0ef29609b4b1687f16bc197063d"},
    {file = "Pillow-9.1.1-cp37-cp37m-manylinux_2_17_i686.manylinux2014_i686.whl", hash = "sha256:b761727ed7d593e49671d1827044b942dd2f4caae6e51bab144d4accf8244a84"},
    {file = "Pillow-9.1.1-cp37-cp37m-manylinux_2_17_x86_64.manylinux2014_x86_64.whl", hash = "sha256:8a66fe50386162df2da701b3722781cbe90ce043e7d53c1fd6bd801bca6b48d4"},
    {file = "Pillow-9.1.1-cp37-cp37m-win32.whl", hash = "sha256:2b291cab8a888658d72b575a03e340509b6b050b62db1f5539dd5cd18fd50578"},
    {file = "Pillow-9.1.1-cp37-cp37m-win_amd64.whl", hash = "sha256:1d4331aeb12f6b3791911a6da82de72257a99ad99726ed6b63f481c0184b6fb9"},
    {file = "Pillow-9.1.1-cp38-cp38-macosx_10_10_x86_64.whl", hash = "sha256:8844217cdf66eabe39567118f229e275f0727e9195635a15e0e4b9227458daaf"},
    {file = "Pillow-9.1.1-cp38-cp38-macosx_11_0_arm64.whl", hash = "sha256:b6617221ff08fbd3b7a811950b5c3f9367f6e941b86259843eab77c8e3d2b56b"},
    {file = "Pillow-9.1.1-cp38-cp38-manylinux_2_17_aarch64.manylinux2014_aarch64.whl", hash = "sha256:20d514c989fa28e73a5adbddd7a171afa5824710d0ab06d4e1234195d2a2e546"},
    {file = "Pillow-9.1.1-cp38-cp38-manylinux_2_17_i686.manylinux2014_i686.whl", hash = "sha256:088df396b047477dd1bbc7de6e22f58400dae2f21310d9e2ec2933b2ef7dfa4f"},
    {file = "Pillow-9.1.1-cp38-cp38-manylinux_2_17_x86_64.manylinux2014_x86_64.whl", hash = "sha256:53c27bd452e0f1bc4bfed07ceb235663a1df7c74df08e37fd6b03eb89454946a"},
    {file = "Pillow-9.1.1-cp38-cp38-musllinux_1_1_x86_64.whl", hash = "sha256:3f6c1716c473ebd1649663bf3b42702d0d53e27af8b64642be0dd3598c761fb1"},
    {file = "Pillow-9.1.1-cp38-cp38-win32.whl", hash = "sha256:c67db410508b9de9c4694c57ed754b65a460e4812126e87f5052ecf23a011a54"},
    {file = "Pillow-9.1.1-cp38-cp38-win_amd64.whl", hash = "sha256:f054b020c4d7e9786ae0404278ea318768eb123403b18453e28e47cdb7a0a4bf"},
    {file = "Pillow-9.1.1-cp39-cp39-macosx_10_10_x86_64.whl", hash = "sha256:c17770a62a71718a74b7548098a74cd6880be16bcfff5f937f900ead90ca8e92"},
    {file = "Pillow-9.1.1-cp39-cp39-macosx_11_0_arm64.whl", hash = "sha256:f3f6a6034140e9e17e9abc175fc7a266a6e63652028e157750bd98e804a8ed9a"},
    {file = "Pillow-9.1.1-cp39-cp39-manylinux_2_17_aarch64.manylinux2014_aarch64.whl", hash = "sha256:f372d0f08eff1475ef426344efe42493f71f377ec52237bf153c5713de987251"},
    {file = "Pillow-9.1.1-cp39-cp39-manylinux_2_17_i686.manylinux2014_i686.whl", hash = "sha256:09e67ef6e430f90caa093528bd758b0616f8165e57ed8d8ce014ae32df6a831d"},
    {file = "Pillow-9.1.1-cp39-cp39-manylinux_2_17_x86_64.manylinux2014_x86_64.whl", hash = "sha256:66daa16952d5bf0c9d5389c5e9df562922a59bd16d77e2a276e575d32e38afd1"},
    {file = "Pillow-9.1.1-cp39-cp39-musllinux_1_1_x86_64.whl", hash = "sha256:d78ca526a559fb84faaaf84da2dd4addef5edb109db8b81677c0bb1aad342601"},
    {file = "Pillow-9.1.1-cp39-cp39-win32.whl", hash = "sha256:55e74faf8359ddda43fee01bffbc5bd99d96ea508d8a08c527099e84eb708f45"},
    {file = "Pillow-9.1.1-cp39-cp39-win_amd64.whl", hash = "sha256:7c150dbbb4a94ea4825d1e5f2c5501af7141ea95825fadd7829f9b11c97aaf6c"},
    {file = "Pillow-9.1.1-pp37-pypy37_pp73-macosx_10_10_x86_64.whl", hash = "sha256:769a7f131a2f43752455cc72f9f7a093c3ff3856bf976c5fb53a59d0ccc704f6"},
    {file = "Pillow-9.1.1-pp37-pypy37_pp73-manylinux_2_17_i686.manylinux2014_i686.whl", hash = "sha256:488f3383cf5159907d48d32957ac6f9ea85ccdcc296c14eca1a4e396ecc32098"},
    {file = "Pillow-9.1.1-pp37-pypy37_pp73-manylinux_2_17_x86_64.manylinux2014_x86_64.whl", hash = "sha256:0b525a356680022b0af53385944026d3486fc8c013638cf9900eb87c866afb4c"},
    {file = "Pillow-9.1.1-pp38-pypy38_pp73-macosx_10_10_x86_64.whl", hash = "sha256:6e760cf01259a1c0a50f3c845f9cad1af30577fd8b670339b1659c6d0e7a41dd"},
    {file = "Pillow-9.1.1-pp38-pypy38_pp73-manylinux_2_17_i686.manylinux2014_i686.whl", hash = "sha256:a4165205a13b16a29e1ac57efeee6be2dfd5b5408122d59ef2145bc3239fa340"},
    {file = "Pillow-9.1.1-pp38-pypy38_pp73-manylinux_2_17_x86_64.manylinux2014_x86_64.whl", hash = "sha256:937a54e5694684f74dcbf6e24cc453bfc5b33940216ddd8f4cd8f0f79167f765"},
    {file = "Pillow-9.1.1-pp38-pypy38_pp73-win_amd64.whl", hash = "sha256:baf3be0b9446a4083cc0c5bb9f9c964034be5374b5bc09757be89f5d2fa247b8"},
    {file = "Pillow-9.1.1.tar.gz", hash = "sha256:7502539939b53d7565f3d11d87c78e7ec900d3c72945d4ee0e2f250d598309a0"},
]
proto-plus = [
    {file = "proto-plus-1.20.3.tar.gz", hash = "sha256:f28b225bc9e6c14e206fb7f8e996a46fb2ccd902648e512d496abb6a716a4ae5"},
    {file = "proto_plus-1.20.3-py3-none-any.whl", hash = "sha256:b06be21c3848fbc20387d1d6891a9b97dfa1cdd0f10d3d42ef70b5700ec0f423"},
]
protobuf = [
    {file = "protobuf-3.20.2-cp310-cp310-macosx_10_9_universal2.whl", hash = "sha256:9f876a69ca55aed879b43c295a328970306e8e80a263ec91cf6e9189243c613b"},
    {file = "protobuf-3.20.2-cp310-cp310-manylinux2014_aarch64.whl", hash = "sha256:09e25909c4297d71d97612f04f41cea8fa8510096864f2835ad2f3b3df5a5559"},
    {file = "protobuf-3.20.2-cp310-cp310-manylinux_2_12_x86_64.manylinux2010_x86_64.whl", hash = "sha256:e8fbc522303e09036c752a0afcc5c0603e917222d8bedc02813fd73b4b4ed804"},
    {file = "protobuf-3.20.2-cp310-cp310-win32.whl", hash = "sha256:84a1544252a933ef07bb0b5ef13afe7c36232a774affa673fc3636f7cee1db6c"},
    {file = "protobuf-3.20.2-cp310-cp310-win_amd64.whl", hash = "sha256:2c0b040d0b5d5d207936ca2d02f00f765906622c07d3fa19c23a16a8ca71873f"},
    {file = "protobuf-3.20.2-cp36-cp36m-manylinux_2_5_x86_64.manylinux1_x86_64.whl", hash = "sha256:3cb608e5a0eb61b8e00fe641d9f0282cd0eedb603be372f91f163cbfbca0ded0"},
    {file = "protobuf-3.20.2-cp37-cp37m-macosx_10_9_x86_64.whl", hash = "sha256:84fe5953b18a383fd4495d375fe16e1e55e0a3afe7b4f7b4d01a3a0649fcda9d"},
    {file = "protobuf-3.20.2-cp37-cp37m-manylinux2014_aarch64.whl", hash = "sha256:384164994727f274cc34b8abd41a9e7e0562801361ee77437099ff6dfedd024b"},
    {file = "protobuf-3.20.2-cp37-cp37m-manylinux_2_5_x86_64.manylinux1_x86_64.whl", hash = "sha256:e39cf61bb8582bda88cdfebc0db163b774e7e03364bbf9ce1ead13863e81e359"},
    {file = "protobuf-3.20.2-cp37-cp37m-win32.whl", hash = "sha256:18e34a10ae10d458b027d7638a599c964b030c1739ebd035a1dfc0e22baa3bfe"},
    {file = "protobuf-3.20.2-cp37-cp37m-win_amd64.whl", hash = "sha256:8228e56a865c27163d5d1d1771d94b98194aa6917bcfb6ce139cbfa8e3c27334"},
    {file = "protobuf-3.20.2-cp38-cp38-macosx_10_9_x86_64.whl", hash = "sha256:03d76b7bd42ac4a6e109742a4edf81ffe26ffd87c5993126d894fe48a120396a"},
    {file = "protobuf-3.20.2-cp38-cp38-manylinux2014_aarch64.whl", hash = "sha256:f52dabc96ca99ebd2169dadbe018824ebda08a795c7684a0b7d203a290f3adb0"},
    {file = "protobuf-3.20.2-cp38-cp38-manylinux_2_5_x86_64.manylinux1_x86_64.whl", hash = "sha256:f34464ab1207114e73bba0794d1257c150a2b89b7a9faf504e00af7c9fd58978"},
    {file = "protobuf-3.20.2-cp38-cp38-win32.whl", hash = "sha256:5d9402bf27d11e37801d1743eada54372f986a372ec9679673bfcc5c60441151"},
    {file = "protobuf-3.20.2-cp38-cp38-win_amd64.whl", hash = "sha256:9c673c8bfdf52f903081816b9e0e612186684f4eb4c17eeb729133022d6032e3"},
    {file = "protobuf-3.20.2-cp39-cp39-macosx_10_9_x86_64.whl", hash = "sha256:291fb4307094bf5ccc29f424b42268640e00d5240bf0d9b86bf3079f7576474d"},
    {file = "protobuf-3.20.2-cp39-cp39-manylinux2014_aarch64.whl", hash = "sha256:b4fdb29c5a7406e3f7ef176b2a7079baa68b5b854f364c21abe327bbeec01cdb"},
    {file = "protobuf-3.20.2-cp39-cp39-manylinux_2_5_x86_64.manylinux1_x86_64.whl", hash = "sha256:7a5037af4e76c975b88c3becdf53922b5ffa3f2cddf657574a4920a3b33b80f3"},
    {file = "protobuf-3.20.2-cp39-cp39-win32.whl", hash = "sha256:a9e5ae5a8e8985c67e8944c23035a0dff2c26b0f5070b2f55b217a1c33bbe8b1"},
    {file = "protobuf-3.20.2-cp39-cp39-win_amd64.whl", hash = "sha256:c184485e0dfba4dfd451c3bd348c2e685d6523543a0f91b9fd4ae90eb09e8422"},
    {file = "protobuf-3.20.2-py2.py3-none-any.whl", hash = "sha256:c9cdf251c582c16fd6a9f5e95836c90828d51b0069ad22f463761d27c6c19019"},
    {file = "protobuf-3.20.2.tar.gz", hash = "sha256:712dca319eee507a1e7df3591e639a2b112a2f4a62d40fe7832a16fd19151750"},
]
pyasn1 = [
    {file = "pyasn1-0.4.8-py2.py3-none-any.whl", hash = "sha256:39c7e2ec30515947ff4e87fb6f456dfc6e84857d34be479c9d4a4ba4bf46aa5d"},
    {file = "pyasn1-0.4.8.tar.gz", hash = "sha256:aef77c9fb94a3ac588e87841208bdec464471d9871bd5050a287cc9a475cd0ba"},
]
pyasn1-modules = [
    {file = "pyasn1-modules-0.2.8.tar.gz", hash = "sha256:905f84c712230b2c592c19470d3ca8d552de726050d1d1716282a1f6146be65e"},
    {file = "pyasn1_modules-0.2.8-py2.py3-none-any.whl", hash = "sha256:a50b808ffeb97cb3601dd25981f6b016cbb3d31fbf57a8b8a87428e6158d0c74"},
]
pyparsing = [
    {file = "pyparsing-3.0.7-py3-none-any.whl", hash = "sha256:a6c06a88f252e6c322f65faf8f418b16213b51bdfaece0524c1c1bc30c63c484"},
    {file = "pyparsing-3.0.7.tar.gz", hash = "sha256:18ee9022775d270c55187733956460083db60b37d0d0fb357445f3094eed3eea"},
]
requests = [
    {file = "requests-2.27.1-py2.py3-none-any.whl", hash = "sha256:f22fa1e554c9ddfd16e6e41ac79759e17be9e492b3587efa038054674760e72d"},
    {file = "requests-2.27.1.tar.gz", hash = "sha256:68d7c56fd5a8999887728ef304a6d12edc7be74f1cfa47714fc8b414525c9a61"},
]
requests-oauthlib = [
    {file = "requests-oauthlib-1.3.1.tar.gz", hash = "sha256:75beac4a47881eeb94d5ea5d6ad31ef88856affe2332b9aafb52c6452ccf0d7a"},
    {file = "requests_oauthlib-1.3.1-py2.py3-none-any.whl", hash = "sha256:2577c501a2fb8d05a304c09d090d6e47c306fef15809d102b327cf8364bddab5"},
]
rsa = [
    {file = "rsa-4.8-py3-none-any.whl", hash = "sha256:95c5d300c4e879ee69708c428ba566c59478fd653cc3a22243eeb8ed846950bb"},
    {file = "rsa-4.8.tar.gz", hash = "sha256:5c6bd9dc7a543b7fe4304a631f8a8a3b674e2bbfc49c2ae96200cdbe55df6b17"},
]
six = [
    {file = "six-1.16.0-py2.py3-none-any.whl", hash = "sha256:8abb2f1d86890a2dfb989f9a77cfcfd3e47c2a354b01111771326f8aa26e0254"},
    {file = "six-1.16.0.tar.gz", hash = "sha256:1e61c37477a1626458e36f7b1d82aa5c9b094fa4802892072e49de9c60c4c926"},
]
uritemplate = [
    {file = "uritemplate-4.1.1-py2.py3-none-any.whl", hash = "sha256:830c08b8d99bdd312ea4ead05994a38e8936266f84b9a7878232db50b044e02e"},
    {file = "uritemplate-4.1.1.tar.gz", hash = "sha256:4346edfc5c3b79f694bccd6d6099a322bbeb628dbf2cd86eea55a456ce5124f0"},
]
urllib3 = [
    {file = "urllib3-1.26.9-py2.py3-none-any.whl", hash = "sha256:44ece4d53fb1706f667c9bd1c648f5469a2ec925fcf3a776667042d645472c14"},
    {file = "urllib3-1.26.9.tar.gz", hash = "sha256:aabaf16477806a5e1dd19aa41f8c2b7950dd3c746362d7e3223dbe6de6ac448e"},
]
